
Microsoft Visual Studio Solution File, Format Version 12.00
# Visual Studio Version 16
VisualStudioVersion = 16.0.29306.81
MinimumVisualStudioVersion = 10.0.40219.1
Project("{9A19103F-16F7-4668-BE54-9A1E7A4F7556}") = "WebCall", "WebCall\WebCall.csproj", "{B23AB821-D3B1-4699-9867-FAAEF1D2103E}"
EndProject
Project("{9A19103F-16F7-4668-BE54-9A1E7A4F7556}") = "TestLib", "testcallLib\TestLib.csproj", "{511DB1DC-5E3E-4474-9B1F-4B043AF99164}"
EndProject
Project("{9A19103F-16F7-4668-BE54-9A1E7A4F7556}") = "XUnitTest", "XUnitTest\XUnitTest.csproj", "{C80941D0-4D9D-49A1-8345-406192E1A698}"
EndProject
Global
	GlobalSection(SolutionConfigurationPlatforms) = preSolution
		Debug|Any CPU = Debug|Any CPU
		Release|Any CPU = Release|Any CPU
	EndGlobalSection
	GlobalSection(ProjectConfigurationPlatforms) = postSolution
		{B23AB821-D3B1-4699-9867-FAAEF1D2103E}.Debug|Any CPU.ActiveCfg = Debug|Any CPU
		{B23AB821-D3B1-4699-9867-FAAEF1D2103E}.Debug|Any CPU.Build.0 = Debug|Any CPU
		{B23AB821-D3B1-4699-9867-FAAEF1D2103E}.Release|Any CPU.ActiveCfg = Release|Any CPU
		{B23AB821-D3B1-4699-9867-FAAEF1D2103E}.Release|Any CPU.Build.0 = Release|Any CPU
		{511DB1DC-5E3E-4474-9B1F-4B043AF99164}.Debug|Any CPU.ActiveCfg = Debug|Any CPU
		{511DB1DC-5E3E-4474-9B1F-4B043AF99164}.Debug|Any CPU.Build.0 = Debug|Any CPU
		{511DB1DC-5E3E-4474-9B1F-4B043AF99164}.Release|Any CPU.ActiveCfg = Release|Any CPU
		{511DB1DC-5E3E-4474-9B1F-4B043AF99164}.Release|Any CPU.Build.0 = Release|Any CPU
		{C80941D0-4D9D-49A1-8345-406192E1A698}.Debug|Any CPU.ActiveCfg = Debug|Any CPU
		{C80941D0-4D9D-49A1-8345-406192E1A698}.Debug|Any CPU.Build.0 = Debug|Any CPU
		{C80941D0-4D9D-49A1-8345-406192E1A698}.Release|Any CPU.ActiveCfg = Release|Any CPU
		{C80941D0-4D9D-49A1-8345-406192E1A698}.Release|Any CPU.Build.0 = Release|Any CPU
	EndGlobalSection
	GlobalSection(SolutionProperties) = preSolution
		HideSolutionNode = FALSE
	EndGlobalSection
	GlobalSection(ExtensibilityGlobals) = postSolution
		SolutionGuid = {FBD75573-E4FE-49B5-87D4-2E485544722B}
	EndGlobalSection
EndGlobal
